{
	"name": "@libh/ui",
	"version": "0.0.1",
	"lockfileVersion": 3,
	"requires": true,
	"packages": {
		"": {
			"name": "@libh/ui",
			"version": "0.0.1",
			"dependencies": {
				"libh": "^0.0.61"
			}
		},
		"node_modules/libh": {
			"version": "0.0.61",
			"resolved": "https://registry.npmjs.org/libh/-/libh-0.0.61.tgz",
			"integrity": "sha512-zsUFu5o/5TZeWVl5PZNesxD1R61nEQN55zd0JP2+k1T1vqTvtEv8gNrICsMHNOTbu6Pi7i+SwDBFv0IXsHzHOQ==",
			"license": "WTFPL"
		}
	}
}
